<?xml version="1.0" encoding="UTF-8"?>
<CONFIG>
  <ProjectOptions>
    <Version Value="10"/>
    <General>
      <SessionStorage Value="InProjectDir"/>
      <MainUnit Value="0"/>
      <Title Value="easy80-ide"/>
      <ResourceType Value="res"/>
      <UseXPManifest Value="True"/>
      <Icon Value="0"/>
    </General>
    <i18n>
      <EnableI18N Value="True"/>
      <OutDir Value="locale"/>
    </i18n>
    <BuildModes Count="1">
      <Item1 Name="default" Default="True"/>
    </BuildModes>
    <PublishOptions>
      <Version Value="2"/>
    </PublishOptions>
    <RunParams>
      <local>
        <FormatVersion Value="1"/>
        <CommandLineParams Value="--no-splash"/>
      </local>
    </RunParams>
    <RequiredPackages Count="5">
      <Item1>
        <PackageName Value="LazControlDsgn"/>
      </Item1>
      <Item2>
        <PackageName Value="LCL"/>
      </Item2>
      <Item3>
        <PackageName Value="LazControls"/>
      </Item3>
      <Item4>
        <PackageName Value="SynEdit"/>
      </Item4>
      <Item5>
        <PackageName Value="KControlsLaz"/>
      </Item5>
    </RequiredPackages>
    <Units Count="7">
      <Unit0>
        <Filename Value="ide.lpr"/>
        <IsPartOfProject Value="True"/>
      </Unit0>
      <Unit1>
        <Filename Value="main.pas"/>
        <IsPartOfProject Value="True"/>
        <ComponentName Value="MainForm"/>
        <HasResources Value="True"/>
        <ResourceBaseClass Value="Form"/>
      </Unit1>
      <Unit2>
        <Filename Value="resourcestrings.pas"/>
        <IsPartOfProject Value="True"/>
        <UnitName Value="ResourceStrings"/>
      </Unit2>
      <Unit3>
        <Filename Value="splashscreen.pas"/>
        <IsPartOfProject Value="True"/>
        <ComponentName Value="Splash"/>
        <HasResources Value="True"/>
        <ResourceBaseClass Value="Frame"/>
        <UnitName Value="SplashScreen"/>
      </Unit3>
      <Unit4>
        <Filename Value="appsettings.pas"/>
        <IsPartOfProject Value="True"/>
        <UnitName Value="AppSettings"/>
      </Unit4>
      <Unit5>
        <Filename Value="messageintf.pas"/>
        <IsPartOfProject Value="True"/>
        <UnitName Value="MessageIntf"/>
      </Unit5>
      <Unit6>
        <Filename Value="settingsframe.pas"/>
        <IsPartOfProject Value="True"/>
        <ComponentName Value="SettingsFrame"/>
        <HasResources Value="True"/>
        <ResourceBaseClass Value="Frame"/>
        <UnitName Value="SettingsFrame"/>
      </Unit6>
    </Units>
  </ProjectOptions>
  <CompilerOptions>
    <Version Value="11"/>
    <Target>
      <Filename Value="easy80-ide"/>
    </Target>
    <SearchPaths>
      <IncludeFiles Value="$(ProjOutDir)"/>
      <OtherUnitFiles Value="datafiles;locale;asm;external/SynFacilSyn"/>
      <UnitOutputDirectory Value="bin/$(TargetCPU)-$(TargetOS)"/>
    </SearchPaths>
    <Linking>
      <Options>
        <Win32>
          <GraphicApplication Value="True"/>
        </Win32>
      </Options>
    </Linking>
  </CompilerOptions>
  <Debugging>
    <Exceptions Count="3">
      <Item1>
        <Name Value="EAbort"/>
      </Item1>
      <Item2>
        <Name Value="ECodetoolError"/>
      </Item2>
      <Item3>
        <Name Value="EFOpenError"/>
      </Item3>
    </Exceptions>
  </Debugging>
</CONFIG>
